
Microsoft Visual Studio Solution File, Format Version 12.00
# Visual Studio Version 16
VisualStudioVersion = 16.0.31402.337
MinimumVisualStudioVersion = 10.0.40219.1
Project("{FAE04EC0-301F-11D3-BF4B-00C04F79EFBC}") = "Avanade.SubTCSE.Projeto.Api", "Avanade.SubTCSE.Projeto.Api\Avanade.SubTCSE.Projeto.Api.csproj", "{4AB89E67-39EF-4504-8DAF-F7BFE9315F2B}"
EndProject
Global
	GlobalSection(SolutionConfigurationPlatforms) = preSolution
		Debug|Any CPU = Debug|Any CPU
		Release|Any CPU = Release|Any CPU
	EndGlobalSection
	GlobalSection(ProjectConfigurationPlatforms) = postSolution
		{4AB89E67-39EF-4504-8DAF-F7BFE9315F2B}.Debug|Any CPU.ActiveCfg = Debug|Any CPU
		{4AB89E67-39EF-4504-8DAF-F7BFE9315F2B}.Debug|Any CPU.Build.0 = Debug|Any CPU
		{4AB89E67-39EF-4504-8DAF-F7BFE9315F2B}.Release|Any CPU.ActiveCfg = Release|Any CPU
		{4AB89E67-39EF-4504-8DAF-F7BFE9315F2B}.Release|Any CPU.Build.0 = Release|Any CPU
	EndGlobalSection
	GlobalSection(SolutionProperties) = preSolution
		HideSolutionNode = FALSE
	EndGlobalSection
	GlobalSection(ExtensibilityGlobals) = postSolution
		SolutionGuid = {D81428C5-D8E4-4338-95C3-7FCAC4D662C9}
	EndGlobalSection
EndGlobal
